
Microsoft Visual Studio Solution File, Format Version 12.00
# Visual Studio Version 17
VisualStudioVersion = 17.8.34330.188
MinimumVisualStudioVersion = 10.0.40219.1
Project("{FAE04EC0-301F-11D3-BF4B-00C04F79EFBC}") = "Core", "Chinook-Backend\Core.csproj", "{29EFAED5-7CDD-4B42-8BEF-6F7A00FE5625}"
EndProject
Project("{FAE04EC0-301F-11D3-BF4B-00C04F79EFBC}") = "Business", "Business\Business.csproj", "{BCF6C43E-0970-43D2-9717-C505C12A7B6A}"
EndProject
Project("{FAE04EC0-301F-11D3-BF4B-00C04F79EFBC}") = "DataAccess", "DataAccess\DataAccess.csproj", "{B0EE11F2-0E92-4DC0-AB6A-FEA29CCBA090}"
EndProject
Project("{FAE04EC0-301F-11D3-BF4B-00C04F79EFBC}") = "Entity", "Entity\Entity.csproj", "{A2065B99-7226-4BC2-857A-ED120B8FFAF1}"
EndProject
Project("{FAE04EC0-301F-11D3-BF4B-00C04F79EFBC}") = "WebAPI", "WebAPI\WebAPI.csproj", "{CBC4F20A-328C-430D-A41D-F7051A167738}"
EndProject
Global
	GlobalSection(SolutionConfigurationPlatforms) = preSolution
		Debug|Any CPU = Debug|Any CPU
		Release|Any CPU = Release|Any CPU
	EndGlobalSection
	GlobalSection(ProjectConfigurationPlatforms) = postSolution
		{29EFAED5-7CDD-4B42-8BEF-6F7A00FE5625}.Debug|Any CPU.ActiveCfg = Debug|Any CPU
		{29EFAED5-7CDD-4B42-8BEF-6F7A00FE5625}.Debug|Any CPU.Build.0 = Debug|Any CPU
		{29EFAED5-7CDD-4B42-8BEF-6F7A00FE5625}.Release|Any CPU.ActiveCfg = Release|Any CPU
		{29EFAED5-7CDD-4B42-8BEF-6F7A00FE5625}.Release|Any CPU.Build.0 = Release|Any CPU
		{BCF6C43E-0970-43D2-9717-C505C12A7B6A}.Debug|Any CPU.ActiveCfg = Debug|Any CPU
		{BCF6C43E-0970-43D2-9717-C505C12A7B6A}.Debug|Any CPU.Build.0 = Debug|Any CPU
		{BCF6C43E-0970-43D2-9717-C505C12A7B6A}.Release|Any CPU.ActiveCfg = Release|Any CPU
		{BCF6C43E-0970-43D2-9717-C505C12A7B6A}.Release|Any CPU.Build.0 = Release|Any CPU
		{B0EE11F2-0E92-4DC0-AB6A-FEA29CCBA090}.Debug|Any CPU.ActiveCfg = Release|Any CPU
		{B0EE11F2-0E92-4DC0-AB6A-FEA29CCBA090}.Debug|Any CPU.Build.0 = Release|Any CPU
		{B0EE11F2-0E92-4DC0-AB6A-FEA29CCBA090}.Release|Any CPU.ActiveCfg = Release|Any CPU
		{B0EE11F2-0E92-4DC0-AB6A-FEA29CCBA090}.Release|Any CPU.Build.0 = Release|Any CPU
		{A2065B99-7226-4BC2-857A-ED120B8FFAF1}.Debug|Any CPU.ActiveCfg = Debug|Any CPU
		{A2065B99-7226-4BC2-857A-ED120B8FFAF1}.Debug|Any CPU.Build.0 = Debug|Any CPU
		{A2065B99-7226-4BC2-857A-ED120B8FFAF1}.Release|Any CPU.ActiveCfg = Release|Any CPU
		{A2065B99-7226-4BC2-857A-ED120B8FFAF1}.Release|Any CPU.Build.0 = Release|Any CPU
		{CBC4F20A-328C-430D-A41D-F7051A167738}.Debug|Any CPU.ActiveCfg = Debug|Any CPU
		{CBC4F20A-328C-430D-A41D-F7051A167738}.Debug|Any CPU.Build.0 = Debug|Any CPU
		{CBC4F20A-328C-430D-A41D-F7051A167738}.Release|Any CPU.ActiveCfg = Release|Any CPU
		{CBC4F20A-328C-430D-A41D-F7051A167738}.Release|Any CPU.Build.0 = Release|Any CPU
	EndGlobalSection
	GlobalSection(SolutionProperties) = preSolution
		HideSolutionNode = FALSE
	EndGlobalSection
	GlobalSection(ExtensibilityGlobals) = postSolution
		SolutionGuid = {0603CFA0-969A-4FBD-8724-6A4E8E5C8450}
	EndGlobalSection
EndGlobal
